
Microsoft Visual Studio Solution File, Format Version 12.00
# Visual Studio Version 17
VisualStudioVersion = 17.10.35004.147
MinimumVisualStudioVersion = 10.0.40219.1
Project("{FAE04EC0-301F-11D3-BF4B-00C04F79EFBC}") = "openxmlDoc", "openxmlDoc\openxmlDoc.csproj", "{92A12965-41CD-4038-A5ED-E4908139F886}"
EndProject
Global
	GlobalSection(SolutionConfigurationPlatforms) = preSolution
		Debug|Any CPU = Debug|Any CPU
		Release|Any CPU = Release|Any CPU
	EndGlobalSection
	GlobalSection(ProjectConfigurationPlatforms) = postSolution
		{92A12965-41CD-4038-A5ED-E4908139F886}.Debug|Any CPU.ActiveCfg = Debug|Any CPU
		{92A12965-41CD-4038-A5ED-E4908139F886}.Debug|Any CPU.Build.0 = Debug|Any CPU
		{92A12965-41CD-4038-A5ED-E4908139F886}.Release|Any CPU.ActiveCfg = Release|Any CPU
		{92A12965-41CD-4038-A5ED-E4908139F886}.Release|Any CPU.Build.0 = Release|Any CPU
	EndGlobalSection
	GlobalSection(SolutionProperties) = preSolution
		HideSolutionNode = FALSE
	EndGlobalSection
	GlobalSection(ExtensibilityGlobals) = postSolution
		SolutionGuid = {6EEA1C3C-CD90-46B6-BDBA-56A5F146828A}
	EndGlobalSection
EndGlobal
